
Microsoft Visual Studio Solution File, Format Version 12.00
# Visual Studio Version 17
VisualStudioVersion = 17.9.34728.123
MinimumVisualStudioVersion = 10.0.40219.1
Project("{9A19103F-16F7-4668-BE54-9A1E7A4F7556}") = "Service_Auth", "Service_Auth\Service_Auth.csproj", "{5A6067AB-D326-4062-9E01-31067A7E9BA0}"
EndProject
Project("{9A19103F-16F7-4668-BE54-9A1E7A4F7556}") = "Service_Incidents", "Service_Incidents\Service_Incidents.csproj", "{099BA3B5-BD9F-42B3-A120-54A3E7B28705}"
EndProject
Global
	GlobalSection(SolutionConfigurationPlatforms) = preSolution
		Debug|Any CPU = Debug|Any CPU
		Release|Any CPU = Release|Any CPU
	EndGlobalSection
	GlobalSection(ProjectConfigurationPlatforms) = postSolution
		{5A6067AB-D326-4062-9E01-31067A7E9BA0}.Debug|Any CPU.ActiveCfg = Debug|Any CPU
		{5A6067AB-D326-4062-9E01-31067A7E9BA0}.Debug|Any CPU.Build.0 = Debug|Any CPU
		{5A6067AB-D326-4062-9E01-31067A7E9BA0}.Release|Any CPU.ActiveCfg = Release|Any CPU
		{5A6067AB-D326-4062-9E01-31067A7E9BA0}.Release|Any CPU.Build.0 = Release|Any CPU
		{099BA3B5-BD9F-42B3-A120-54A3E7B28705}.Debug|Any CPU.ActiveCfg = Debug|Any CPU
		{099BA3B5-BD9F-42B3-A120-54A3E7B28705}.Debug|Any CPU.Build.0 = Debug|Any CPU
		{099BA3B5-BD9F-42B3-A120-54A3E7B28705}.Release|Any CPU.ActiveCfg = Release|Any CPU
		{099BA3B5-BD9F-42B3-A120-54A3E7B28705}.Release|Any CPU.Build.0 = Release|Any CPU
	EndGlobalSection
	GlobalSection(SolutionProperties) = preSolution
		HideSolutionNode = FALSE
	EndGlobalSection
	GlobalSection(ExtensibilityGlobals) = postSolution
		SolutionGuid = {13445B4A-47A0-4A45-8819-CA6461F02251}
	EndGlobalSection
EndGlobal
